
Microsoft Visual Studio Solution File, Format Version 12.00
# Visual Studio Version 17
VisualStudioVersion = 17.10.35013.160
MinimumVisualStudioVersion = 10.0.40219.1
Project("{9A19103F-16F7-4668-BE54-9A1E7A4F7556}") = "TheFloor", "TheFloor\TheFloor\TheFloor.csproj", "{0B0C95DA-E93A-4220-AB7F-B19723BE21D5}"
EndProject
Project("{9A19103F-16F7-4668-BE54-9A1E7A4F7556}") = "TheFloor.Client", "TheFloor\TheFloor.Client\TheFloor.Client.csproj", "{4202BBF6-F00E-4FF9-8322-871E3D6658A3}"
EndProject
Global
	GlobalSection(SolutionConfigurationPlatforms) = preSolution
		Debug|Any CPU = Debug|Any CPU
		Release|Any CPU = Release|Any CPU
	EndGlobalSection
	GlobalSection(ProjectConfigurationPlatforms) = postSolution
		{0B0C95DA-E93A-4220-AB7F-B19723BE21D5}.Debug|Any CPU.ActiveCfg = Debug|Any CPU
		{0B0C95DA-E93A-4220-AB7F-B19723BE21D5}.Debug|Any CPU.Build.0 = Debug|Any CPU
		{0B0C95DA-E93A-4220-AB7F-B19723BE21D5}.Release|Any CPU.ActiveCfg = Release|Any CPU
		{0B0C95DA-E93A-4220-AB7F-B19723BE21D5}.Release|Any CPU.Build.0 = Release|Any CPU
		{4202BBF6-F00E-4FF9-8322-871E3D6658A3}.Debug|Any CPU.ActiveCfg = Debug|Any CPU
		{4202BBF6-F00E-4FF9-8322-871E3D6658A3}.Debug|Any CPU.Build.0 = Debug|Any CPU
		{4202BBF6-F00E-4FF9-8322-871E3D6658A3}.Release|Any CPU.ActiveCfg = Release|Any CPU
		{4202BBF6-F00E-4FF9-8322-871E3D6658A3}.Release|Any CPU.Build.0 = Release|Any CPU
	EndGlobalSection
	GlobalSection(SolutionProperties) = preSolution
		HideSolutionNode = FALSE
	EndGlobalSection
	GlobalSection(ExtensibilityGlobals) = postSolution
		SolutionGuid = {F444CE1C-B351-4712-8D4A-3B934EA5FBC2}
	EndGlobalSection
EndGlobal
